# This file is automatically @generated by Cargo.
# It is not intended for manual editing.
version = 4

[[package]]
name = "gb-hw"
version = "0.1.0"

[[package]]
name = "gb-payload"
version = "0.1.0"

[[package]]
name = "gb-recomp"
version = "0.1.0"
dependencies = [
 "gb-hw",
]

[[package]]
name = "gb-runtime"
version = "0.1.0"
dependencies = [
 "gb-hw",
 "gb-payload",
 "gb-recomp",
]

[[package]]
name = "gbtoexe"
version = "0.1.0"
dependencies = [
 "gb-hw",
 "gb-payload",
 "gb-recomp",
]
